// !$*UTF8*$!
{
	archiveVersion = 1;
	classes = {
	};
	objectVersion = 50;
	objects = {

/* Begin PBXBuildFile section */
		53010B102213FF5E00699AE6 /* FileController.cpp in Sources */ = {isa = PBXBuildFile; fileRef = 53010B0E2213FF5E00699AE6 /* FileController.cpp */; };
		F90BEC7C22243F68007D6CA0 /* CrimeData.cpp in Sources */ = {isa = PBXBuildFile; fileRef = F90BEC7622243F67007D6CA0 /* CrimeData.cpp */; };
		F90BEC7D22243F68007D6CA0 /* Music.cpp in Sources */ = {isa = PBXBuildFile; fileRef = F90BEC7A22243F68007D6CA0 /* Music.cpp */; };
		F9419D392209DEAA00625691 /* Timer.cpp in Sources */ = {isa = PBXBuildFile; fileRef = F9419D372209DEAA00625691 /* Timer.cpp */; };
		F95570A022147EF30099805F /* LinearTester.cpp in Sources */ = {isa = PBXBuildFile; fileRef = F955709E22147EF30099805F /* LinearTester.cpp */; };
		F99F208321FF5D820016795F /* Runner.cpp in Sources */ = {isa = PBXBuildFile; fileRef = F99F208221FF5D820016795F /* Runner.cpp */; };
		F99F208721FF5D9E0016795F /* Controller.cpp in Sources */ = {isa = PBXBuildFile; fileRef = F99F208521FF5D9E0016795F /* Controller.cpp */; };
/* End PBXBuildFile section */

/* Begin PBXCopyFilesBuildPhase section */
		F99F207021FF5B4B0016795F /* CopyFiles */ = {
			isa = PBXCopyFilesBuildPhase;
			buildActionMask = 2147483647;
			dstPath = /usr/share/man/man1/;
			dstSubfolderSpec = 0;
			files = (
			);
			runOnlyForDeploymentPostprocessing = 1;
		};
/* End PBXCopyFilesBuildPhase section */

/* Begin PBXFileReference section */
		53010B0E2213FF5E00699AE6 /* FileController.cpp */ = {isa = PBXFileReference; lastKnownFileType = sourcecode.cpp.cpp; path = FileController.cpp; sourceTree = "<group>"; };
		53010B0F2213FF5E00699AE6 /* FileController.hpp */ = {isa = PBXFileReference; lastKnownFileType = sourcecode.cpp.h; path = FileController.hpp; sourceTree = "<group>"; };
		F90BEC7622243F67007D6CA0 /* CrimeData.cpp */ = {isa = PBXFileReference; fileEncoding = 4; lastKnownFileType = sourcecode.cpp.cpp; path = CrimeData.cpp; sourceTree = "<group>"; };
		F90BEC7722243F67007D6CA0 /* CrimeData.hpp */ = {isa = PBXFileReference; fileEncoding = 4; lastKnownFileType = sourcecode.cpp.h; path = CrimeData.hpp; sourceTree = "<group>"; };
		F90BEC7822243F68007D6CA0 /* crime.csv */ = {isa = PBXFileReference; fileEncoding = 4; lastKnownFileType = text; path = crime.csv; sourceTree = "<group>"; };
		F90BEC7922243F68007D6CA0 /* Music.hpp */ = {isa = PBXFileReference; fileEncoding = 4; lastKnownFileType = sourcecode.cpp.h; path = Music.hpp; sourceTree = "<group>"; };
		F90BEC7A22243F68007D6CA0 /* Music.cpp */ = {isa = PBXFileReference; fileEncoding = 4; lastKnownFileType = sourcecode.cpp.cpp; path = Music.cpp; sourceTree = "<group>"; };
		F90BEC7B22243F68007D6CA0 /* music.csv */ = {isa = PBXFileReference; fileEncoding = 4; lastKnownFileType = text; path = music.csv; sourceTree = "<group>"; };
		F913B60A220C84F5006186DA /* List.hpp */ = {isa = PBXFileReference; lastKnownFileType = sourcecode.cpp.h; path = List.hpp; sourceTree = "<group>"; };
		F913B60B220C8978006186DA /* DataStructuresDiagram.uxf */ = {isa = PBXFileReference; fileEncoding = 4; lastKnownFileType = text.xml; path = DataStructuresDiagram.uxf; sourceTree = "<group>"; };
		F913B60C220C94CC006186DA /* LinkedList.hpp */ = {isa = PBXFileReference; lastKnownFileType = sourcecode.cpp.h; path = LinkedList.hpp; sourceTree = "<group>"; };
		F9419D372209DEAA00625691 /* Timer.cpp */ = {isa = PBXFileReference; lastKnownFileType = sourcecode.cpp.cpp; path = Timer.cpp; sourceTree = "<group>"; };
		F9419D382209DEAA00625691 /* Timer.hpp */ = {isa = PBXFileReference; lastKnownFileType = sourcecode.cpp.h; path = Timer.hpp; sourceTree = "<group>"; };
		F955709C221466BD0099805F /* Stack.hpp */ = {isa = PBXFileReference; lastKnownFileType = sourcecode.cpp.h; path = Stack.hpp; sourceTree = "<group>"; };
		F955709E22147EF30099805F /* LinearTester.cpp */ = {isa = PBXFileReference; lastKnownFileType = sourcecode.cpp.cpp; path = LinearTester.cpp; sourceTree = "<group>"; };
		F955709F22147EF30099805F /* LinearTester.hpp */ = {isa = PBXFileReference; lastKnownFileType = sourcecode.cpp.h; path = LinearTester.hpp; sourceTree = "<group>"; };
		F96CDE402201F8C10055BC2B /* LinearNode.hpp */ = {isa = PBXFileReference; lastKnownFileType = sourcecode.cpp.h; path = LinearNode.hpp; sourceTree = "<group>"; };
		F96CDE42220206670055BC2B /* Array.hpp */ = {isa = PBXFileReference; lastKnownFileType = sourcecode.cpp.h; path = Array.hpp; sourceTree = "<group>"; };
		F97F7053221EF0BE00DD0511 /* DoubleNode.hpp */ = {isa = PBXFileReference; lastKnownFileType = sourcecode.cpp.h; path = DoubleNode.hpp; sourceTree = "<group>"; };
		F97F7054221EF83000DD0511 /* CircularList.hpp */ = {isa = PBXFileReference; lastKnownFileType = sourcecode.cpp.h; path = CircularList.hpp; sourceTree = "<group>"; };
		F99F207221FF5B4B0016795F /* DataStructures */ = {isa = PBXFileReference; explicitFileType = "compiled.mach-o.executable"; includeInIndex = 0; path = DataStructures; sourceTree = BUILT_PRODUCTS_DIR; };
		F99F208021FF5CB30016795F /* Node Diagram.png */ = {isa = PBXFileReference; lastKnownFileType = image.png; path = "Node Diagram.png"; sourceTree = "<group>"; };
		F99F208121FF5CB30016795F /* LinearNode Diagram.png */ = {isa = PBXFileReference; lastKnownFileType = image.png; path = "LinearNode Diagram.png"; sourceTree = "<group>"; };
		F99F208221FF5D820016795F /* Runner.cpp */ = {isa = PBXFileReference; lastKnownFileType = sourcecode.cpp.cpp; path = Runner.cpp; sourceTree = "<group>"; };
		F99F208521FF5D9E0016795F /* Controller.cpp */ = {isa = PBXFileReference; lastKnownFileType = sourcecode.cpp.cpp; path = Controller.cpp; sourceTree = "<group>"; };
		F99F208621FF5D9E0016795F /* Controller.hpp */ = {isa = PBXFileReference; lastKnownFileType = sourcecode.cpp.h; path = Controller.hpp; sourceTree = "<group>"; };
		F99F208921FF60E90016795F /* Node.hpp */ = {isa = PBXFileReference; lastKnownFileType = sourcecode.cpp.h; path = Node.hpp; sourceTree = "<group>"; };
		F9C05E862211D97D0044E259 /* Queue.hpp */ = {isa = PBXFileReference; lastKnownFileType = sourcecode.cpp.h; path = Queue.hpp; sourceTree = "<group>"; usesTabs = 0; };
/* End PBXFileReference section */

/* Begin PBXFrameworksBuildPhase section */
		F99F206F21FF5B4B0016795F /* Frameworks */ = {
			isa = PBXFrameworksBuildPhase;
			buildActionMask = 2147483647;
			files = (
			);
			runOnlyForDeploymentPostprocessing = 0;
		};
/* End PBXFrameworksBuildPhase section */

/* Begin PBXGroup section */
		53010B112214020B00699AE6 /* Resources */ = {
			isa = PBXGroup;
			children = (
				F90BEC7822243F68007D6CA0 /* crime.csv */,
				F90BEC7622243F67007D6CA0 /* CrimeData.cpp */,
				F90BEC7722243F67007D6CA0 /* CrimeData.hpp */,
				F90BEC7A22243F68007D6CA0 /* Music.cpp */,
				F90BEC7B22243F68007D6CA0 /* music.csv */,
				F90BEC7922243F68007D6CA0 /* Music.hpp */,
			);
			path = Resources;
			sourceTree = "<group>";
		};
		F9419D362209DE8000625691 /* Tools */ = {
			isa = PBXGroup;
			children = (
				F9419D372209DEAA00625691 /* Timer.cpp */,
				F9419D382209DEAA00625691 /* Timer.hpp */,
			);
			path = Tools;
			sourceTree = "<group>";
		};
		F955709D22147ED20099805F /* Testers */ = {
			isa = PBXGroup;
			children = (
				F955709E22147EF30099805F /* LinearTester.cpp */,
				F955709F22147EF30099805F /* LinearTester.hpp */,
			);
			path = Testers;
			sourceTree = "<group>";
		};
		F96CDE3E2201F0BA0055BC2B /* Nodes */ = {
			isa = PBXGroup;
			children = (
				F99F208921FF60E90016795F /* Node.hpp */,
				F96CDE402201F8C10055BC2B /* LinearNode.hpp */,
				F97F7053221EF0BE00DD0511 /* DoubleNode.hpp */,
			);
			path = Nodes;
			sourceTree = "<group>";
		};
		F96CDE41220206530055BC2B /* Linear */ = {
			isa = PBXGroup;
			children = (
				F96CDE42220206670055BC2B /* Array.hpp */,
				F913B60A220C84F5006186DA /* List.hpp */,
				F913B60C220C94CC006186DA /* LinkedList.hpp */,
				F9C05E862211D97D0044E259 /* Queue.hpp */,
				F955709C221466BD0099805F /* Stack.hpp */,
				F97F7054221EF83000DD0511 /* CircularList.hpp */,
			);
			path = Linear;
			sourceTree = "<group>";
		};
		F99F206921FF5B4B0016795F = {
			isa = PBXGroup;
			children = (
				F99F207421FF5B4B0016795F /* DataStructures */,
				F99F207321FF5B4B0016795F /* Products */,
			);
			sourceTree = "<group>";
		};
		F99F207321FF5B4B0016795F /* Products */ = {
			isa = PBXGroup;
			children = (
				F99F207221FF5B4B0016795F /* DataStructures */,
			);
			name = Products;
			sourceTree = "<group>";
		};
		F99F207421FF5B4B0016795F /* DataStructures */ = {
			isa = PBXGroup;
			children = (
				F955709D22147ED20099805F /* Testers */,
				53010B112214020B00699AE6 /* Resources */,
				F99F207E21FF5BEF0016795F /* Diagrams */,
				F99F207D21FF5BDF0016795F /* Model */,
				F99F207C21FF5BD70016795F /* Controller */,
			);
			path = DataStructures;
			sourceTree = "<group>";
		};
		F99F207C21FF5BD70016795F /* Controller */ = {
			isa = PBXGroup;
			children = (
				F9419D362209DE8000625691 /* Tools */,
				F99F208221FF5D820016795F /* Runner.cpp */,
				F99F208521FF5D9E0016795F /* Controller.cpp */,
				F99F208621FF5D9E0016795F /* Controller.hpp */,
				53010B0E2213FF5E00699AE6 /* FileController.cpp */,
				53010B0F2213FF5E00699AE6 /* FileController.hpp */,
			);
			path = Controller;
			sourceTree = "<group>";
		};
		F99F207D21FF5BDF0016795F /* Model */ = {
			isa = PBXGroup;
			children = (
				F96CDE41220206530055BC2B /* Linear */,
				F96CDE3E2201F0BA0055BC2B /* Nodes */,
			);
			path = Model;
			sourceTree = "<group>";
		};
		F99F207E21FF5BEF0016795F /* Diagrams */ = {
			isa = PBXGroup;
			children = (
				F913B60B220C8978006186DA /* DataStructuresDiagram.uxf */,
				F99F208121FF5CB30016795F /* LinearNode Diagram.png */,
				F99F208021FF5CB30016795F /* Node Diagram.png */,
			);
			path = Diagrams;
			sourceTree = "<group>";
		};
/* End PBXGroup section */

/* Begin PBXNativeTarget section */
		F99F207121FF5B4B0016795F /* DataStructures */ = {
			isa = PBXNativeTarget;
			buildConfigurationList = F99F207921FF5B4B0016795F /* Build configuration list for PBXNativeTarget "DataStructures" */;
			buildPhases = (
				F99F206E21FF5B4B0016795F /* Sources */,
				F99F206F21FF5B4B0016795F /* Frameworks */,
				F99F207021FF5B4B0016795F /* CopyFiles */,
			);
			buildRules = (
			);
			dependencies = (
			);
			name = DataStructures;
			productName = DataStructures;
			productReference = F99F207221FF5B4B0016795F /* DataStructures */;
			productType = "com.apple.product-type.tool";
		};
/* End PBXNativeTarget section */

/* Begin PBXProject section */
		F99F206A21FF5B4B0016795F /* Project object */ = {
			isa = PBXProject;
			attributes = {
				LastUpgradeCheck = 1000;
				ORGANIZATIONNAME = ctec;
				TargetAttributes = {
					F99F207121FF5B4B0016795F = {
						CreatedOnToolsVersion = 10.0;
					};
				};
			};
			buildConfigurationList = F99F206D21FF5B4B0016795F /* Build configuration list for PBXProject "DataStructures" */;
			compatibilityVersion = "Xcode 9.3";
			developmentRegion = en;
			hasScannedForEncodings = 0;
			knownRegions = (
				en,
			);
			mainGroup = F99F206921FF5B4B0016795F;
			productRefGroup = F99F207321FF5B4B0016795F /* Products */;
			projectDirPath = "";
			projectRoot = "";
			targets = (
				F99F207121FF5B4B0016795F /* DataStructures */,
			);
		};
/* End PBXProject section */

/* Begin PBXSourcesBuildPhase section */
		F99F206E21FF5B4B0016795F /* Sources */ = {
			isa = PBXSourcesBuildPhase;
			buildActionMask = 2147483647;
			files = (
				F9419D392209DEAA00625691 /* Timer.cpp in Sources */,
				F90BEC7D22243F68007D6CA0 /* Music.cpp in Sources */,
				F99F208321FF5D820016795F /* Runner.cpp in Sources */,
				F90BEC7C22243F68007D6CA0 /* CrimeData.cpp in Sources */,
				F99F208721FF5D9E0016795F /* Controller.cpp in Sources */,
				53010B102213FF5E00699AE6 /* FileController.cpp in Sources */,
				F95570A022147EF30099805F /* LinearTester.cpp in Sources */,
			);
			runOnlyForDeploymentPostprocessing = 0;
		};
/* End PBXSourcesBuildPhase section */

/* Begin XCBuildConfiguration section */
		F99F207721FF5B4B0016795F /* Debug */ = {
			isa = XCBuildConfiguration;
			buildSettings = {
				ALWAYS_SEARCH_USER_PATHS = NO;
				CLANG_ANALYZER_NONNULL = YES;
				CLANG_ANALYZER_NUMBER_OBJECT_CONVERSION = YES_AGGRESSIVE;
				CLANG_CXX_LANGUAGE_STANDARD = "gnu++14";
				CLANG_CXX_LIBRARY = "libc++";
				CLANG_ENABLE_MODULES = YES;
				CLANG_ENABLE_OBJC_ARC = YES;
				CLANG_ENABLE_OBJC_WEAK = YES;
				CLANG_WARN_BLOCK_CAPTURE_AUTORELEASING = YES;
				CLANG_WARN_BOOL_CONVERSION = YES;
				CLANG_WARN_COMMA = YES;
				CLANG_WARN_CONSTANT_CONVERSION = YES;
				CLANG_WARN_DEPRECATED_OBJC_IMPLEMENTATIONS = YES;
				CLANG_WARN_DIRECT_OBJC_ISA_USAGE = YES_ERROR;
				CLANG_WARN_DOCUMENTATION_COMMENTS = YES;
				CLANG_WARN_EMPTY_BODY = YES;
				CLANG_WARN_ENUM_CONVERSION = YES;
				CLANG_WARN_INFINITE_RECURSION = YES;
				CLANG_WARN_INT_CONVERSION = YES;
				CLANG_WARN_NON_LITERAL_NULL_CONVERSION = YES;
				CLANG_WARN_OBJC_IMPLICIT_RETAIN_SELF = YES;
				CLANG_WARN_OBJC_LITERAL_CONVERSION = YES;
				CLANG_WARN_OBJC_ROOT_CLASS = YES_ERROR;
				CLANG_WARN_RANGE_LOOP_ANALYSIS = YES;
				CLANG_WARN_STRICT_PROTOTYPES = YES;
				CLANG_WARN_SUSPICIOUS_MOVE = YES;
				CLANG_WARN_UNGUARDED_AVAILABILITY = YES_AGGRESSIVE;
				CLANG_WARN_UNREACHABLE_CODE = YES;
				CLANG_WARN__DUPLICATE_METHOD_MATCH = YES;
				CODE_SIGN_IDENTITY = "-";
				COPY_PHASE_STRIP = NO;
				DEBUG_INFORMATION_FORMAT = dwarf;
				ENABLE_STRICT_OBJC_MSGSEND = YES;
				ENABLE_TESTABILITY = YES;
				GCC_C_LANGUAGE_STANDARD = gnu11;
				GCC_DYNAMIC_NO_PIC = NO;
				GCC_NO_COMMON_BLOCKS = YES;
				GCC_OPTIMIZATION_LEVEL = 0;
				GCC_PREPROCESSOR_DEFINITIONS = (
					"DEBUG=1",
					"$(inherited)",
				);
				GCC_WARN_64_TO_32_BIT_CONVERSION = YES;
				GCC_WARN_ABOUT_RETURN_TYPE = YES_ERROR;
				GCC_WARN_UNDECLARED_SELECTOR = YES;
				GCC_WARN_UNINITIALIZED_AUTOS = YES_AGGRESSIVE;
				GCC_WARN_UNUSED_FUNCTION = YES;
				GCC_WARN_UNUSED_VARIABLE = YES;
				MACOSX_DEPLOYMENT_TARGET = 10.13;
				MTL_ENABLE_DEBUG_INFO = INCLUDE_SOURCE;
				MTL_FAST_MATH = YES;
				ONLY_ACTIVE_ARCH = YES;
				SDKROOT = macosx;
			};
			name = Debug;
		};
		F99F207821FF5B4B0016795F /* Release */ = {
			isa = XCBuildConfiguration;
			buildSettings = {
				ALWAYS_SEARCH_USER_PATHS = NO;
				CLANG_ANALYZER_NONNULL = YES;
				CLANG_ANALYZER_NUMBER_OBJECT_CONVERSION = YES_AGGRESSIVE;
				CLANG_CXX_LANGUAGE_STANDARD = "gnu++14";
				CLANG_CXX_LIBRARY = "libc++";
				CLANG_ENABLE_MODULES = YES;
				CLANG_ENABLE_OBJC_ARC = YES;
				CLANG_ENABLE_OBJC_WEAK = YES;
				CLANG_WARN_BLOCK_CAPTURE_AUTORELEASING = YES;
				CLANG_WARN_BOOL_CONVERSION = YES;
				CLANG_WARN_COMMA = YES;
				CLANG_WARN_CONSTANT_CONVERSION = YES;
				CLANG_WARN_DEPRECATED_OBJC_IMPLEMENTATIONS = YES;
				CLANG_WARN_DIRECT_OBJC_ISA_USAGE = YES_ERROR;
				CLANG_WARN_DOCUMENTATION_COMMENTS = YES;
				CLANG_WARN_EMPTY_BODY = YES;
				CLANG_WARN_ENUM_CONVERSION = YES;
				CLANG_WARN_INFINITE_RECURSION = YES;
				CLANG_WARN_INT_CONVERSION = YES;
				CLANG_WARN_NON_LITERAL_NULL_CONVERSION = YES;
				CLANG_WARN_OBJC_IMPLICIT_RETAIN_SELF = YES;
				CLANG_WARN_OBJC_LITERAL_CONVERSION = YES;
				CLANG_WARN_OBJC_ROOT_CLASS = YES_ERROR;
				CLANG_WARN_RANGE_LOOP_ANALYSIS = YES;
				CLANG_WARN_STRICT_PROTOTYPES = YES;
				CLANG_WARN_SUSPICIOUS_MOVE = YES;
				CLANG_WARN_UNGUARDED_AVAILABILITY = YES_AGGRESSIVE;
				CLANG_WARN_UNREACHABLE_CODE = YES;
				CLANG_WARN__DUPLICATE_METHOD_MATCH = YES;
				CODE_SIGN_IDENTITY = "-";
				COPY_PHASE_STRIP = NO;
				DEBUG_INFORMATION_FORMAT = "dwarf-with-dsym";
				ENABLE_NS_ASSERTIONS = NO;
				ENABLE_STRICT_OBJC_MSGSEND = YES;
				GCC_C_LANGUAGE_STANDARD = gnu11;
				GCC_NO_COMMON_BLOCKS = YES;
				GCC_WARN_64_TO_32_BIT_CONVERSION = YES;
				GCC_WARN_ABOUT_RETURN_TYPE = YES_ERROR;
				GCC_WARN_UNDECLARED_SELECTOR = YES;
				GCC_WARN_UNINITIALIZED_AUTOS = YES_AGGRESSIVE;
				GCC_WARN_UNUSED_FUNCTION = YES;
				GCC_WARN_UNUSED_VARIABLE = YES;
				MACOSX_DEPLOYMENT_TARGET = 10.13;
				MTL_ENABLE_DEBUG_INFO = NO;
				MTL_FAST_MATH = YES;
				SDKROOT = macosx;
			};
			name = Release;
		};
		F99F207A21FF5B4B0016795F /* Debug */ = {
			isa = XCBuildConfiguration;
			buildSettings = {
				CODE_SIGN_STYLE = Automatic;
				PRODUCT_NAME = "$(TARGET_NAME)";
			};
			name = Debug;
		};
		F99F207B21FF5B4B0016795F /* Release */ = {
			isa = XCBuildConfiguration;
			buildSettings = {
				CODE_SIGN_STYLE = Automatic;
				PRODUCT_NAME = "$(TARGET_NAME)";
			};
			name = Release;
		};
/* End XCBuildConfiguration section */

/* Begin XCConfigurationList section */
		F99F206D21FF5B4B0016795F /* Build configuration list for PBXProject "DataStructures" */ = {
			isa = XCConfigurationList;
			buildConfigurations = (
				F99F207721FF5B4B0016795F /* Debug */,
				F99F207821FF5B4B0016795F /* Release */,
			);
			defaultConfigurationIsVisible = 0;
			defaultConfigurationName = Release;
		};
		F99F207921FF5B4B0016795F /* Build configuration list for PBXNativeTarget "DataStructures" */ = {
			isa = XCConfigurationList;
			buildConfigurations = (
				F99F207A21FF5B4B0016795F /* Debug */,
				F99F207B21FF5B4B0016795F /* Release */,
			);
			defaultConfigurationIsVisible = 0;
			defaultConfigurationName = Release;
		};
/* End XCConfigurationList section */
	};
	rootObject = F99F206A21FF5B4B0016795F /* Project object */;
}
